
Microsoft Visual Studio Solution File, Format Version 12.00
# Visual Studio Version 17
VisualStudioVersion = 17.6.33815.320
MinimumVisualStudioVersion = 10.0.40219.1
Project("{FAE04EC0-301F-11D3-BF4B-00C04F79EFBC}") = "Jogo", "Jogo.csproj", "{7D34DAE9-782D-4708-9F1E-B8C9BD53BA04}"
EndProject
Global
	GlobalSection(SolutionConfigurationPlatforms) = preSolution
		Debug|Any CPU = Debug|Any CPU
		Release|Any CPU = Release|Any CPU
	EndGlobalSection
	GlobalSection(ProjectConfigurationPlatforms) = postSolution
		{7D34DAE9-782D-4708-9F1E-B8C9BD53BA04}.Debug|Any CPU.ActiveCfg = Debug|Any CPU
		{7D34DAE9-782D-4708-9F1E-B8C9BD53BA04}.Debug|Any CPU.Build.0 = Debug|Any CPU
		{7D34DAE9-782D-4708-9F1E-B8C9BD53BA04}.Release|Any CPU.ActiveCfg = Release|Any CPU
		{7D34DAE9-782D-4708-9F1E-B8C9BD53BA04}.Release|Any CPU.Build.0 = Release|Any CPU
	EndGlobalSection
	GlobalSection(SolutionProperties) = preSolution
		HideSolutionNode = FALSE
	EndGlobalSection
	GlobalSection(ExtensibilityGlobals) = postSolution
		SolutionGuid = {4673404F-B4B7-488F-94AB-23141EAAC1E4}
	EndGlobalSection
EndGlobal
